{
  "name": "domiciliaciones-front",
  "version": "1.0.0",
  "lockfileVersion": 1,
  "requires": true,
  "dependencies": {
    "@polymer/lit-element": {
      "version": "0.7.1",
      "resolved": "https://globaldevtools.bbva.com:443/artifactory/api/npm/npm-repo/@polymer/lit-element/-/lit-element-0.7.1.tgz",
      "integrity": "sha1-ze0tEf9DCPnOPkAB2JMZjavO1jk=",
      "requires": {
        "lit-html": "1.1.2"
      }
    },
    "@webcomponents/webcomponentsjs": {
      "version": "2.3.0",
      "resolved": "https://globaldevtools.bbva.com:443/artifactory/api/npm/npm-repo/@webcomponents/webcomponentsjs/-/webcomponentsjs-2.3.0.tgz",
      "integrity": "sha1-0Xxn6WAtRvWmxCW8AGE7uoPc0OI="
    },
    "lit-element": {
      "version": "2.2.1",
      "resolved": "https://globaldevtools.bbva.com:443/artifactory/api/npm/npm-repo/lit-element/-/lit-element-2.2.1.tgz",
      "integrity": "sha1-eclNjP3C1zskVlbjeZG9HkgR2W8=",
      "requires": {
        "lit-html": "1.1.2"
      }
    },
    "lit-element-router": {
      "version": "1.2.5",
      "resolved": "https://globaldevtools.bbva.com:443/artifactory/api/npm/npm-repo/lit-element-router/-/lit-element-router-1.2.5.tgz",
      "integrity": "sha1-oCVugLH/qUUnCx8P19W542Bsugs=",
      "requires": {
        "lit-element": "2.2.1"
      }
    },
    "lit-html": {
      "version": "1.1.2",
      "resolved": "https://globaldevtools.bbva.com:443/artifactory/api/npm/npm-repo/lit-html/-/lit-html-1.1.2.tgz",
      "integrity": "sha1-LjVgpwdSECQ2SciIrXOOrw2qg3Q="
    }
  }
}
